// !$*UTF8*$!
{
	archiveVersion = 1;
	classes = {
	};
	objectVersion = 46;
	objects = {

/* Begin PBXBuildFile section */
		381EF3D71C7CD34000826BE8 /* AppDelegate.swift in Sources */ = {isa = PBXBuildFile; fileRef = 381EF3D61C7CD34000826BE8 /* AppDelegate.swift */; };
		381EF3D91C7CD34000826BE8 /* ViewController.swift in Sources */ = {isa = PBXBuildFile; fileRef = 381EF3D81C7CD34000826BE8 /* ViewController.swift */; };
		381EF3DC1C7CD34000826BE8 /* Main.storyboard in Resources */ = {isa = PBXBuildFile; fileRef = 381EF3DA1C7CD34000826BE8 /* Main.storyboard */; };
		381EF3DF1C7CD34000826BE8 /* Roomadillo.xcdatamodeld in Sources */ = {isa = PBXBuildFile; fileRef = 381EF3DD1C7CD34000826BE8 /* Roomadillo.xcdatamodeld */; };
		381EF3E11C7CD34000826BE8 /* Assets.xcassets in Resources */ = {isa = PBXBuildFile; fileRef = 381EF3E01C7CD34000826BE8 /* Assets.xcassets */; };
		381EF3E41C7CD34000826BE8 /* LaunchScreen.storyboard in Resources */ = {isa = PBXBuildFile; fileRef = 381EF3E21C7CD34000826BE8 /* LaunchScreen.storyboard */; };
		381EF3EF1C7CD34100826BE8 /* RoomadilloTests.swift in Sources */ = {isa = PBXBuildFile; fileRef = 381EF3EE1C7CD34100826BE8 /* RoomadilloTests.swift */; };
		381EF3FA1C7CD34100826BE8 /* RoomadilloUITests.swift in Sources */ = {isa = PBXBuildFile; fileRef = 381EF3F91C7CD34100826BE8 /* RoomadilloUITests.swift */; };
/* End PBXBuildFile section */

/* Begin PBXContainerItemProxy section */
		381EF3EB1C7CD34100826BE8 /* PBXContainerItemProxy */ = {
			isa = PBXContainerItemProxy;
			containerPortal = 381EF3CB1C7CD34000826BE8 /* Project object */;
			proxyType = 1;
			remoteGlobalIDString = 381EF3D21C7CD34000826BE8;
			remoteInfo = Roomadillo;
		};
		381EF3F61C7CD34100826BE8 /* PBXContainerItemProxy */ = {
			isa = PBXContainerItemProxy;
			containerPortal = 381EF3CB1C7CD34000826BE8 /* Project object */;
			proxyType = 1;
			remoteGlobalIDString = 381EF3D21C7CD34000826BE8;
			remoteInfo = Roomadillo;
		};
/* End PBXContainerItemProxy section */

/* Begin PBXFileReference section */
		381EF3D31C7CD34000826BE8 /* Roomadillo.app */ = {isa = PBXFileReference; explicitFileType = wrapper.application; includeInIndex = 0; path = Roomadillo.app; sourceTree = BUILT_PRODUCTS_DIR; };
		381EF3D61C7CD34000826BE8 /* AppDelegate.swift */ = {isa = PBXFileReference; lastKnownFileType = sourcecode.swift; path = AppDelegate.swift; sourceTree = "<group>"; };
		381EF3D81C7CD34000826BE8 /* ViewController.swift */ = {isa = PBXFileReference; lastKnownFileType = sourcecode.swift; path = ViewController.swift; sourceTree = "<group>"; };
		381EF3DB1C7CD34000826BE8 /* Base */ = {isa = PBXFileReference; lastKnownFileType = file.storyboard; name = Base; path = Base.lproj/Main.storyboard; sourceTree = "<group>"; };
		381EF3DE1C7CD34000826BE8 /* Roomadillo.xcdatamodel */ = {isa = PBXFileReference; lastKnownFileType = wrapper.xcdatamodel; path = Roomadillo.xcdatamodel; sourceTree = "<group>"; };
		381EF3E01C7CD34000826BE8 /* Assets.xcassets */ = {isa = PBXFileReference; lastKnownFileType = folder.assetcatalog; path = Assets.xcassets; sourceTree = "<group>"; };
		381EF3E31C7CD34000826BE8 /* Base */ = {isa = PBXFileReference; lastKnownFileType = file.storyboard; name = Base; path = Base.lproj/LaunchScreen.storyboard; sourceTree = "<group>"; };
		381EF3E51C7CD34000826BE8 /* Info.plist */ = {isa = PBXFileReference; lastKnownFileType = text.plist.xml; path = Info.plist; sourceTree = "<group>"; };
		381EF3EA1C7CD34000826BE8 /* RoomadilloTests.xctest */ = {isa = PBXFileReference; explicitFileType = wrapper.cfbundle; includeInIndex = 0; path = RoomadilloTests.xctest; sourceTree = BUILT_PRODUCTS_DIR; };
		381EF3EE1C7CD34100826BE8 /* RoomadilloTests.swift */ = {isa = PBXFileReference; lastKnownFileType = sourcecode.swift; path = RoomadilloTests.swift; sourceTree = "<group>"; };
		381EF3F01C7CD34100826BE8 /* Info.plist */ = {isa = PBXFileReference; lastKnownFileType = text.plist.xml; path = Info.plist; sourceTree = "<group>"; };
		381EF3F51C7CD34100826BE8 /* RoomadilloUITests.xctest */ = {isa = PBXFileReference; explicitFileType = wrapper.cfbundle; includeInIndex = 0; path = RoomadilloUITests.xctest; sourceTree = BUILT_PRODUCTS_DIR; };
		381EF3F91C7CD34100826BE8 /* RoomadilloUITests.swift */ = {isa = PBXFileReference; lastKnownFileType = sourcecode.swift; path = RoomadilloUITests.swift; sourceTree = "<group>"; };
		381EF3FB1C7CD34100826BE8 /* Info.plist */ = {isa = PBXFileReference; lastKnownFileType = text.plist.xml; path = Info.plist; sourceTree = "<group>"; };
/* End PBXFileReference section */

/* Begin PBXFrameworksBuildPhase section */
		381EF3D01C7CD34000826BE8 /* Frameworks */ = {
			isa = PBXFrameworksBuildPhase;
			buildActionMask = 2147483647;
			files = (
			);
			runOnlyForDeploymentPostprocessing = 0;
		};
		381EF3E71C7CD34000826BE8 /* Frameworks */ = {
			isa = PBXFrameworksBuildPhase;
			buildActionMask = 2147483647;
			files = (
			);
			runOnlyForDeploymentPostprocessing = 0;
		};
		381EF3F21C7CD34100826BE8 /* Frameworks */ = {
			isa = PBXFrameworksBuildPhase;
			buildActionMask = 2147483647;
			files = (
			);
			runOnlyForDeploymentPostprocessing = 0;
		};
/* End PBXFrameworksBuildPhase section */

/* Begin PBXGroup section */
		381EF3CA1C7CD34000826BE8 = {
			isa = PBXGroup;
			children = (
				381EF3D51C7CD34000826BE8 /* Roomadillo */,
				381EF3ED1C7CD34100826BE8 /* RoomadilloTests */,
				381EF3F81C7CD34100826BE8 /* RoomadilloUITests */,
				381EF3D41C7CD34000826BE8 /* Products */,
			);
			sourceTree = "<group>";
		};
		381EF3D41C7CD34000826BE8 /* Products */ = {
			isa = PBXGroup;
			children = (
				381EF3D31C7CD34000826BE8 /* Roomadillo.app */,
				381EF3EA1C7CD34000826BE8 /* RoomadilloTests.xctest */,
				381EF3F51C7CD34100826BE8 /* RoomadilloUITests.xctest */,
			);
			name = Products;
			sourceTree = "<group>";
		};
		381EF3D51C7CD34000826BE8 /* Roomadillo */ = {
			isa = PBXGroup;
			children = (
				381EF3D61C7CD34000826BE8 /* AppDelegate.swift */,
				381EF3D81C7CD34000826BE8 /* ViewController.swift */,
				381EF3DA1C7CD34000826BE8 /* Main.storyboard */,
				381EF3E01C7CD34000826BE8 /* Assets.xcassets */,
				381EF3E21C7CD34000826BE8 /* LaunchScreen.storyboard */,
				381EF3E51C7CD34000826BE8 /* Info.plist */,
				381EF3DD1C7CD34000826BE8 /* Roomadillo.xcdatamodeld */,
			);
			path = Roomadillo;
			sourceTree = "<group>";
		};
		381EF3ED1C7CD34100826BE8 /* RoomadilloTests */ = {
			isa = PBXGroup;
			children = (
				381EF3EE1C7CD34100826BE8 /* RoomadilloTests.swift */,
				381EF3F01C7CD34100826BE8 /* Info.plist */,
			);
			path = RoomadilloTests;
			sourceTree = "<group>";
		};
		381EF3F81C7CD34100826BE8 /* RoomadilloUITests */ = {
			isa = PBXGroup;
			children = (
				381EF3F91C7CD34100826BE8 /* RoomadilloUITests.swift */,
				381EF3FB1C7CD34100826BE8 /* Info.plist */,
			);
			path = RoomadilloUITests;
			sourceTree = "<group>";
		};
/* End PBXGroup section */

/* Begin PBXNativeTarget section */
		381EF3D21C7CD34000826BE8 /* Roomadillo */ = {
			isa = PBXNativeTarget;
			buildConfigurationList = 381EF3FE1C7CD34100826BE8 /* Build configuration list for PBXNativeTarget "Roomadillo" */;
			buildPhases = (
				381EF3CF1C7CD34000826BE8 /* Sources */,
				381EF3D01C7CD34000826BE8 /* Frameworks */,
				381EF3D11C7CD34000826BE8 /* Resources */,
			);
			buildRules = (
			);
			dependencies = (
			);
			name = Roomadillo;
			productName = Roomadillo;
			productReference = 381EF3D31C7CD34000826BE8 /* Roomadillo.app */;
			productType = "com.apple.product-type.application";
		};
		381EF3E91C7CD34000826BE8 /* RoomadilloTests */ = {
			isa = PBXNativeTarget;
			buildConfigurationList = 381EF4011C7CD34100826BE8 /* Build configuration list for PBXNativeTarget "RoomadilloTests" */;
			buildPhases = (
				381EF3E61C7CD34000826BE8 /* Sources */,
				381EF3E71C7CD34000826BE8 /* Frameworks */,
				381EF3E81C7CD34000826BE8 /* Resources */,
			);
			buildRules = (
			);
			dependencies = (
				381EF3EC1C7CD34100826BE8 /* PBXTargetDependency */,
			);
			name = RoomadilloTests;
			productName = RoomadilloTests;
			productReference = 381EF3EA1C7CD34000826BE8 /* RoomadilloTests.xctest */;
			productType = "com.apple.product-type.bundle.unit-test";
		};
		381EF3F41C7CD34100826BE8 /* RoomadilloUITests */ = {
			isa = PBXNativeTarget;
			buildConfigurationList = 381EF4041C7CD34100826BE8 /* Build configuration list for PBXNativeTarget "RoomadilloUITests" */;
			buildPhases = (
				381EF3F11C7CD34100826BE8 /* Sources */,
				381EF3F21C7CD34100826BE8 /* Frameworks */,
				381EF3F31C7CD34100826BE8 /* Resources */,
			);
			buildRules = (
			);
			dependencies = (
				381EF3F71C7CD34100826BE8 /* PBXTargetDependency */,
			);
			name = RoomadilloUITests;
			productName = RoomadilloUITests;
			productReference = 381EF3F51C7CD34100826BE8 /* RoomadilloUITests.xctest */;
			productType = "com.apple.product-type.bundle.ui-testing";
		};
/* End PBXNativeTarget section */

/* Begin PBXProject section */
		381EF3CB1C7CD34000826BE8 /* Project object */ = {
			isa = PBXProject;
			attributes = {
				LastSwiftUpdateCheck = 0720;
				LastUpgradeCheck = 0720;
				ORGANIZATIONNAME = "Benjamin Devore";
				TargetAttributes = {
					381EF3D21C7CD34000826BE8 = {
						CreatedOnToolsVersion = 7.2.1;
					};
					381EF3E91C7CD34000826BE8 = {
						CreatedOnToolsVersion = 7.2.1;
						TestTargetID = 381EF3D21C7CD34000826BE8;
					};
					381EF3F41C7CD34100826BE8 = {
						CreatedOnToolsVersion = 7.2.1;
						TestTargetID = 381EF3D21C7CD34000826BE8;
					};
				};
			};
			buildConfigurationList = 381EF3CE1C7CD34000826BE8 /* Build configuration list for PBXProject "Roomadillo" */;
			compatibilityVersion = "Xcode 3.2";
			developmentRegion = English;
			hasScannedForEncodings = 0;
			knownRegions = (
				en,
				Base,
			);
			mainGroup = 381EF3CA1C7CD34000826BE8;
			productRefGroup = 381EF3D41C7CD34000826BE8 /* Products */;
			projectDirPath = "";
			projectRoot = "";
			targets = (
				381EF3D21C7CD34000826BE8 /* Roomadillo */,
				381EF3E91C7CD34000826BE8 /* RoomadilloTests */,
				381EF3F41C7CD34100826BE8 /* RoomadilloUITests */,
			);
		};
/* End PBXProject section */

/* Begin PBXResourcesBuildPhase section */
		381EF3D11C7CD34000826BE8 /* Resources */ = {
			isa = PBXResourcesBuildPhase;
			buildActionMask = 2147483647;
			files = (
				381EF3E41C7CD34000826BE8 /* LaunchScreen.storyboard in Resources */,
				381EF3E11C7CD34000826BE8 /* Assets.xcassets in Resources */,
				381EF3DC1C7CD34000826BE8 /* Main.storyboard in Resources */,
			);
			runOnlyForDeploymentPostprocessing = 0;
		};
		381EF3E81C7CD34000826BE8 /* Resources */ = {
			isa = PBXResourcesBuildPhase;
			buildActionMask = 2147483647;
			files = (
			);
			runOnlyForDeploymentPostprocessing = 0;
		};
		381EF3F31C7CD34100826BE8 /* Resources */ = {
			isa = PBXResourcesBuildPhase;
			buildActionMask = 2147483647;
			files = (
			);
			runOnlyForDeploymentPostprocessing = 0;
		};
/* End PBXResourcesBuildPhase section */

/* Begin PBXSourcesBuildPhase section */
		381EF3CF1C7CD34000826BE8 /* Sources */ = {
			isa = PBXSourcesBuildPhase;
			buildActionMask = 2147483647;
			files = (
				381EF3D91C7CD34000826BE8 /* ViewController.swift in Sources */,
				381EF3DF1C7CD34000826BE8 /* Roomadillo.xcdatamodeld in Sources */,
				381EF3D71C7CD34000826BE8 /* AppDelegate.swift in Sources */,
			);
			runOnlyForDeploymentPostprocessing = 0;
		};
		381EF3E61C7CD34000826BE8 /* Sources */ = {
			isa = PBXSourcesBuildPhase;
			buildActionMask = 2147483647;
			files = (
				381EF3EF1C7CD34100826BE8 /* RoomadilloTests.swift in Sources */,
			);
			runOnlyForDeploymentPostprocessing = 0;
		};
		381EF3F11C7CD34100826BE8 /* Sources */ = {
			isa = PBXSourcesBuildPhase;
			buildActionMask = 2147483647;
			files = (
				381EF3FA1C7CD34100826BE8 /* RoomadilloUITests.swift in Sources */,
			);
			runOnlyForDeploymentPostprocessing = 0;
		};
/* End PBXSourcesBuildPhase section */

/* Begin PBXTargetDependency section */
		381EF3EC1C7CD34100826BE8 /* PBXTargetDependency */ = {
			isa = PBXTargetDependency;
			target = 381EF3D21C7CD34000826BE8 /* Roomadillo */;
			targetProxy = 381EF3EB1C7CD34100826BE8 /* PBXContainerItemProxy */;
		};
		381EF3F71C7CD34100826BE8 /* PBXTargetDependency */ = {
			isa = PBXTargetDependency;
			target = 381EF3D21C7CD34000826BE8 /* Roomadillo */;
			targetProxy = 381EF3F61C7CD34100826BE8 /* PBXContainerItemProxy */;
		};
/* End PBXTargetDependency section */

/* Begin PBXVariantGroup section */
		381EF3DA1C7CD34000826BE8 /* Main.storyboard */ = {
			isa = PBXVariantGroup;
			children = (
				381EF3DB1C7CD34000826BE8 /* Base */,
			);
			name = Main.storyboard;
			sourceTree = "<group>";
		};
		381EF3E21C7CD34000826BE8 /* LaunchScreen.storyboard */ = {
			isa = PBXVariantGroup;
			children = (
				381EF3E31C7CD34000826BE8 /* Base */,
			);
			name = LaunchScreen.storyboard;
			sourceTree = "<group>";
		};
/* End PBXVariantGroup section */

/* Begin XCBuildConfiguration section */
		381EF3FC1C7CD34100826BE8 /* Debug */ = {
			isa = XCBuildConfiguration;
			buildSettings = {
				ALWAYS_SEARCH_USER_PATHS = NO;
				CLANG_CXX_LANGUAGE_STANDARD = "gnu++0x";
				CLANG_CXX_LIBRARY = "libc++";
				CLANG_ENABLE_MODULES = YES;
				CLANG_ENABLE_OBJC_ARC = YES;
				CLANG_WARN_BOOL_CONVERSION = YES;
				CLANG_WARN_CONSTANT_CONVERSION = YES;
				CLANG_WARN_DIRECT_OBJC_ISA_USAGE = YES_ERROR;
				CLANG_WARN_EMPTY_BODY = YES;
				CLANG_WARN_ENUM_CONVERSION = YES;
				CLANG_WARN_INT_CONVERSION = YES;
				CLANG_WARN_OBJC_ROOT_CLASS = YES_ERROR;
				CLANG_WARN_UNREACHABLE_CODE = YES;
				CLANG_WARN__DUPLICATE_METHOD_MATCH = YES;
				"CODE_SIGN_IDENTITY[sdk=iphoneos*]" = "iPhone Developer";
				COPY_PHASE_STRIP = NO;
				DEBUG_INFORMATION_FORMAT = dwarf;
				ENABLE_STRICT_OBJC_MSGSEND = YES;
				ENABLE_TESTABILITY = YES;
				GCC_C_LANGUAGE_STANDARD = gnu99;
				GCC_DYNAMIC_NO_PIC = NO;
				GCC_NO_COMMON_BLOCKS = YES;
				GCC_OPTIMIZATION_LEVEL = 0;
				GCC_PREPROCESSOR_DEFINITIONS = (
					"DEBUG=1",
					"$(inherited)",
				);
				GCC_WARN_64_TO_32_BIT_CONVERSION = YES;
				GCC_WARN_ABOUT_RETURN_TYPE = YES_ERROR;
				GCC_WARN_UNDECLARED_SELECTOR = YES;
				GCC_WARN_UNINITIALIZED_AUTOS = YES_AGGRESSIVE;
				GCC_WARN_UNUSED_FUNCTION = YES;
				GCC_WARN_UNUSED_VARIABLE = YES;
				IPHONEOS_DEPLOYMENT_TARGET = 9.2;
				MTL_ENABLE_DEBUG_INFO = YES;
				ONLY_ACTIVE_ARCH = YES;
				SDKROOT = iphoneos;
				SWIFT_OPTIMIZATION_LEVEL = "-Onone";
			};
			name = Debug;
		};
		381EF3FD1C7CD34100826BE8 /* Release */ = {
			isa = XCBuildConfiguration;
			buildSettings = {
				ALWAYS_SEARCH_USER_PATHS = NO;
				CLANG_CXX_LANGUAGE_STANDARD = "gnu++0x";
				CLANG_CXX_LIBRARY = "libc++";
				CLANG_ENABLE_MODULES = YES;
				CLANG_ENABLE_OBJC_ARC = YES;
				CLANG_WARN_BOOL_CONVERSION = YES;
				CLANG_WARN_CONSTANT_CONVERSION = YES;
				CLANG_WARN_DIRECT_OBJC_ISA_USAGE = YES_ERROR;
				CLANG_WARN_EMPTY_BODY = YES;
				CLANG_WARN_ENUM_CONVERSION = YES;
				CLANG_WARN_INT_CONVERSION = YES;
				CLANG_WARN_OBJC_ROOT_CLASS = YES_ERROR;
				CLANG_WARN_UNREACHABLE_CODE = YES;
				CLANG_WARN__DUPLICATE_METHOD_MATCH = YES;
				"CODE_SIGN_IDENTITY[sdk=iphoneos*]" = "iPhone Developer";
				COPY_PHASE_STRIP = NO;
				DEBUG_INFORMATION_FORMAT = "dwarf-with-dsym";
				ENABLE_NS_ASSERTIONS = NO;
				ENABLE_STRICT_OBJC_MSGSEND = YES;
				GCC_C_LANGUAGE_STANDARD = gnu99;
				GCC_NO_COMMON_BLOCKS = YES;
				GCC_WARN_64_TO_32_BIT_CONVERSION = YES;
				GCC_WARN_ABOUT_RETURN_TYPE = YES_ERROR;
				GCC_WARN_UNDECLARED_SELECTOR = YES;
				GCC_WARN_UNINITIALIZED_AUTOS = YES_AGGRESSIVE;
				GCC_WARN_UNUSED_FUNCTION = YES;
				GCC_WARN_UNUSED_VARIABLE = YES;
				IPHONEOS_DEPLOYMENT_TARGET = 9.2;
				MTL_ENABLE_DEBUG_INFO = NO;
				SDKROOT = iphoneos;
				VALIDATE_PRODUCT = YES;
			};
			name = Release;
		};
		381EF3FF1C7CD34100826BE8 /* Debug */ = {
			isa = XCBuildConfiguration;
			buildSettings = {
				ASSETCATALOG_COMPILER_APPICON_NAME = AppIcon;
				INFOPLIST_FILE = Roomadillo/Info.plist;
				LD_RUNPATH_SEARCH_PATHS = "$(inherited) @executable_path/Frameworks";
				PRODUCT_BUNDLE_IDENTIFIER = com.chargerinmotion.Roomadillo;
				PRODUCT_NAME = "$(TARGET_NAME)";
			};
			name = Debug;
		};
		381EF4001C7CD34100826BE8 /* Release */ = {
			isa = XCBuildConfiguration;
			buildSettings = {
				ASSETCATALOG_COMPILER_APPICON_NAME = AppIcon;
				INFOPLIST_FILE = Roomadillo/Info.plist;
				LD_RUNPATH_SEARCH_PATHS = "$(inherited) @executable_path/Frameworks";
				PRODUCT_BUNDLE_IDENTIFIER = com.chargerinmotion.Roomadillo;
				PRODUCT_NAME = "$(TARGET_NAME)";
			};
			name = Release;
		};
		381EF4021C7CD34100826BE8 /* Debug */ = {
			isa = XCBuildConfiguration;
			buildSettings = {
				BUNDLE_LOADER = "$(TEST_HOST)";
				INFOPLIST_FILE = RoomadilloTests/Info.plist;
				LD_RUNPATH_SEARCH_PATHS = "$(inherited) @executable_path/Frameworks @loader_path/Frameworks";
				PRODUCT_BUNDLE_IDENTIFIER = com.chargerinmotion.RoomadilloTests;
				PRODUCT_NAME = "$(TARGET_NAME)";
				TEST_HOST = "$(BUILT_PRODUCTS_DIR)/Roomadillo.app/Roomadillo";
			};
			name = Debug;
		};
		381EF4031C7CD34100826BE8 /* Release */ = {
			isa = XCBuildConfiguration;
			buildSettings = {
				BUNDLE_LOADER = "$(TEST_HOST)";
				INFOPLIST_FILE = RoomadilloTests/Info.plist;
				LD_RUNPATH_SEARCH_PATHS = "$(inherited) @executable_path/Frameworks @loader_path/Frameworks";
				PRODUCT_BUNDLE_IDENTIFIER = com.chargerinmotion.RoomadilloTests;
				PRODUCT_NAME = "$(TARGET_NAME)";
				TEST_HOST = "$(BUILT_PRODUCTS_DIR)/Roomadillo.app/Roomadillo";
			};
			name = Release;
		};
		381EF4051C7CD34100826BE8 /* Debug */ = {
			isa = XCBuildConfiguration;
			buildSettings = {
				INFOPLIST_FILE = RoomadilloUITests/Info.plist;
				LD_RUNPATH_SEARCH_PATHS = "$(inherited) @executable_path/Frameworks @loader_path/Frameworks";
				PRODUCT_BUNDLE_IDENTIFIER = com.chargerinmotion.RoomadilloUITests;
				PRODUCT_NAME = "$(TARGET_NAME)";
				TEST_TARGET_NAME = Roomadillo;
				USES_XCTRUNNER = YES;
			};
			name = Debug;
		};
		381EF4061C7CD34100826BE8 /* Release */ = {
			isa = XCBuildConfiguration;
			buildSettings = {
				INFOPLIST_FILE = RoomadilloUITests/Info.plist;
				LD_RUNPATH_SEARCH_PATHS = "$(inherited) @executable_path/Frameworks @loader_path/Frameworks";
				PRODUCT_BUNDLE_IDENTIFIER = com.chargerinmotion.RoomadilloUITests;
				PRODUCT_NAME = "$(TARGET_NAME)";
				TEST_TARGET_NAME = Roomadillo;
				USES_XCTRUNNER = YES;
			};
			name = Release;
		};
/* End XCBuildConfiguration section */

/* Begin XCConfigurationList section */
		381EF3CE1C7CD34000826BE8 /* Build configuration list for PBXProject "Roomadillo" */ = {
			isa = XCConfigurationList;
			buildConfigurations = (
				381EF3FC1C7CD34100826BE8 /* Debug */,
				381EF3FD1C7CD34100826BE8 /* Release */,
			);
			defaultConfigurationIsVisible = 0;
			defaultConfigurationName = Release;
		};
		381EF3FE1C7CD34100826BE8 /* Build configuration list for PBXNativeTarget "Roomadillo" */ = {
			isa = XCConfigurationList;
			buildConfigurations = (
				381EF3FF1C7CD34100826BE8 /* Debug */,
				381EF4001C7CD34100826BE8 /* Release */,
			);
			defaultConfigurationIsVisible = 0;
		};
		381EF4011C7CD34100826BE8 /* Build configuration list for PBXNativeTarget "RoomadilloTests" */ = {
			isa = XCConfigurationList;
			buildConfigurations = (
				381EF4021C7CD34100826BE8 /* Debug */,
				381EF4031C7CD34100826BE8 /* Release */,
			);
			defaultConfigurationIsVisible = 0;
		};
		381EF4041C7CD34100826BE8 /* Build configuration list for PBXNativeTarget "RoomadilloUITests" */ = {
			isa = XCConfigurationList;
			buildConfigurations = (
				381EF4051C7CD34100826BE8 /* Debug */,
				381EF4061C7CD34100826BE8 /* Release */,
			);
			defaultConfigurationIsVisible = 0;
		};
/* End XCConfigurationList section */

/* Begin XCVersionGroup section */
		381EF3DD1C7CD34000826BE8 /* Roomadillo.xcdatamodeld */ = {
			isa = XCVersionGroup;
			children = (
				381EF3DE1C7CD34000826BE8 /* Roomadillo.xcdatamodel */,
			);
			currentVersion = 381EF3DE1C7CD34000826BE8 /* Roomadillo.xcdatamodel */;
			path = Roomadillo.xcdatamodeld;
			sourceTree = "<group>";
			versionGroupType = wrapper.xcdatamodel;
		};
/* End XCVersionGroup section */
	};
	rootObject = 381EF3CB1C7CD34000826BE8 /* Project object */;
}
